
Microsoft Visual Studio Solution File, Format Version 12.00
# Visual Studio Version 16
VisualStudioVersion = 16.0.29519.181
MinimumVisualStudioVersion = 10.0.40219.1
Project("{FAE04EC0-301F-11D3-BF4B-00C04F79EFBC}") = "NetCoreCQRSMEdiatR", "NetCoreCQRSMEdiatR\NetCoreCQRSMEdiatR.csproj", "{73CBC136-D0C5-4651-A405-D03667CA7A32}"
EndProject
Global
	GlobalSection(SolutionConfigurationPlatforms) = preSolution
		Debug|Any CPU = Debug|Any CPU
		Release|Any CPU = Release|Any CPU
	EndGlobalSection
	GlobalSection(ProjectConfigurationPlatforms) = postSolution
		{73CBC136-D0C5-4651-A405-D03667CA7A32}.Debug|Any CPU.ActiveCfg = Debug|Any CPU
		{73CBC136-D0C5-4651-A405-D03667CA7A32}.Debug|Any CPU.Build.0 = Debug|Any CPU
		{73CBC136-D0C5-4651-A405-D03667CA7A32}.Release|Any CPU.ActiveCfg = Release|Any CPU
		{73CBC136-D0C5-4651-A405-D03667CA7A32}.Release|Any CPU.Build.0 = Release|Any CPU
	EndGlobalSection
	GlobalSection(SolutionProperties) = preSolution
		HideSolutionNode = FALSE
	EndGlobalSection
	GlobalSection(ExtensibilityGlobals) = postSolution
		SolutionGuid = {4F67DE57-2943-4EDB-8B37-13A9CB963AF0}
	EndGlobalSection
EndGlobal
